
Microsoft Visual Studio Solution File, Format Version 12.00
# Visual Studio Version 17
VisualStudioVersion = 17.11.35327.3
MinimumVisualStudioVersion = 10.0.40219.1
Project("{8BC9CEB8-8B4A-11D0-8D11-00A0C91BC942}") = "LChat", "LChat.vcxproj", "{62649906-6135-3266-9096-634F05C1A385}"
EndProject
Global
	GlobalSection(SolutionConfigurationPlatforms) = preSolution
		Debug|x64 = Debug|x64
		Release|x64 = Release|x64
	EndGlobalSection
	GlobalSection(ProjectConfigurationPlatforms) = postSolution
		{62649906-6135-3266-9096-634F05C1A385}.Debug|x64.ActiveCfg = Debug|x64
		{62649906-6135-3266-9096-634F05C1A385}.Debug|x64.Build.0 = Debug|x64
		{62649906-6135-3266-9096-634F05C1A385}.Release|x64.ActiveCfg = Release|x64
		{62649906-6135-3266-9096-634F05C1A385}.Release|x64.Build.0 = Release|x64
	EndGlobalSection
	GlobalSection(SolutionProperties) = preSolution
		HideSolutionNode = FALSE
	EndGlobalSection
	GlobalSection(ExtensibilityGlobals) = postSolution
		SolutionGuid = {28E7EC39-B137-4A06-8DEA-B3316A4ED477}
	EndGlobalSection
EndGlobal
